Microsoft Visual Studio Solution File, Format Version 12.00
# Visual Studio Version 17
VisualStudioVersion = 17.5.2.0
MinimumVisualStudioVersion = 10.0.40219.1
Project("{FAE04EC0-301F-11D3-BF4B-00C04F79EFBC}") = "ModelLoader", "ModelLoader.csproj", "{57B53216-BA98-A3B7-DE25-2007C6EA65BC}"
EndProject
Global
	GlobalSection(SolutionConfigurationPlatforms) = preSolution
		Debug|Any CPU = Debug|Any CPU
		Release|Any CPU = Release|Any CPU
	EndGlobalSection
	GlobalSection(ProjectConfigurationPlatforms) = postSolution
		{57B53216-BA98-A3B7-DE25-2007C6EA65BC}.Debug|Any CPU.ActiveCfg = Debug|Any CPU
		{57B53216-BA98-A3B7-DE25-2007C6EA65BC}.Debug|Any CPU.Build.0 = Debug|Any CPU
		{57B53216-BA98-A3B7-DE25-2007C6EA65BC}.Release|Any CPU.ActiveCfg = Release|Any CPU
		{57B53216-BA98-A3B7-DE25-2007C6EA65BC}.Release|Any CPU.Build.0 = Release|Any CPU
	EndGlobalSection
	GlobalSection(SolutionProperties) = preSolution
		HideSolutionNode = FALSE
	EndGlobalSection
	GlobalSection(ExtensibilityGlobals) = postSolution
		SolutionGuid = {DBA120B9-6312-45C4-AE02-626CBB0F35E4}
	EndGlobalSection
EndGlobal
